
Microsoft Visual Studio Solution File, Format Version 12.00
# Visual Studio Version 17
VisualStudioVersion = 17.5.33414.496
MinimumVisualStudioVersion = 10.0.40219.1
Project("{FAE04EC0-301F-11D3-BF4B-00C04F79EFBC}") = "23022023home", "23022023home\23022023home.csproj", "{6F18C636-8849-4F0F-AC15-28F5A70E320A}"
EndProject
Global
	GlobalSection(SolutionConfigurationPlatforms) = preSolution
		Debug|Any CPU = Debug|Any CPU
		Release|Any CPU = Release|Any CPU
	EndGlobalSection
	GlobalSection(ProjectConfigurationPlatforms) = postSolution
		{6F18C636-8849-4F0F-AC15-28F5A70E320A}.Debug|Any CPU.ActiveCfg = Debug|Any CPU
		{6F18C636-8849-4F0F-AC15-28F5A70E320A}.Debug|Any CPU.Build.0 = Debug|Any CPU
		{6F18C636-8849-4F0F-AC15-28F5A70E320A}.Release|Any CPU.ActiveCfg = Release|Any CPU
		{6F18C636-8849-4F0F-AC15-28F5A70E320A}.Release|Any CPU.Build.0 = Release|Any CPU
	EndGlobalSection
	GlobalSection(SolutionProperties) = preSolution
		HideSolutionNode = FALSE
	EndGlobalSection
	GlobalSection(ExtensibilityGlobals) = postSolution
		SolutionGuid = {AAF54974-2773-48E6-9B24-AE49A34A9F88}
	EndGlobalSection
EndGlobal
